
Microsoft Visual Studio Solution File, Format Version 12.00
# Visual Studio Version 17
VisualStudioVersion = 17.0.31903.59
MinimumVisualStudioVersion = 10.0.40219.1
Project("{FAE04EC0-301F-11D3-BF4B-00C04F79EFBC}") = "Flipster.WebApi", "Flipster.WebApi\Flipster.WebApi.csproj", "{F02F8865-D3C8-49B6-91D2-9964CB3CC611}"
EndProject
Project("{2150E333-8FDC-42A3-9474-1A3956D46DE8}") = "Modules", "Modules", "{0DC223B5-7116-40A0-BE29-FD65590EE1D5}"
EndProject
Project("{2150E333-8FDC-42A3-9474-1A3956D46DE8}") = "Shared", "Shared", "{E802CBA0-B1F5-4FDE-AC8B-6B6AAE1C4F1B}"
EndProject
Project("{FAE04EC0-301F-11D3-BF4B-00C04F79EFBC}") = "Flipster.Shared.Domain", "Flipster.Shared.Domain\Flipster.Shared.Domain.csproj", "{5592F129-5C9B-44E5-884C-9D73E1FDD608}"
EndProject
Project("{FAE04EC0-301F-11D3-BF4B-00C04F79EFBC}") = "Flipster.Shared.Infrastructure", "Flipster.Shared.Infrastructure\Flipster.Shared.Infrastructure.csproj", "{CE0757E1-C810-4F7D-A8A0-B85425FB758F}"
EndProject
Project("{2150E333-8FDC-42A3-9474-1A3956D46DE8}") = "Identity", "Identity", "{0200C537-0E77-4BC5-803A-366DA0F9513A}"
EndProject
Project("{FAE04EC0-301F-11D3-BF4B-00C04F79EFBC}") = "Flipster.Modules.Identity", "Flipster.Modules.Identity\Flipster.Modules.Identity.csproj", "{15580D2D-86DE-4AB6-8F65-AE4E841589CB}"
EndProject
Project("{FAE04EC0-301F-11D3-BF4B-00C04F79EFBC}") = "Flipster.Modules.Identity.Domain", "Flipster.Modules.Identity.Domain\Flipster.Modules.Identity.Domain.csproj", "{D4708326-1F8C-467B-B5AB-780D27A717CD}"
EndProject
Project("{FAE04EC0-301F-11D3-BF4B-00C04F79EFBC}") = "Flipster.Modules.Identity.Infrastructure", "Flipster.Modules.Identity.Infrastructure\Flipster.Modules.Identity.Infrastructure.csproj", "{5E914625-7528-446E-B949-8D92F5156048}"
EndProject
Project("{2150E333-8FDC-42A3-9474-1A3956D46DE8}") = "Images", "Images", "{EB92E32C-E426-43D9-8177-578907B1DA58}"
EndProject
Project("{FAE04EC0-301F-11D3-BF4B-00C04F79EFBC}") = "Flipster.Modules.Images", "Modules\Flipster.Modules.Images\Flipster.Modules.Images.csproj", "{800345AD-9D0F-4A11-8054-B1B077FC31C0}"
EndProject
Global
	GlobalSection(SolutionConfigurationPlatforms) = preSolution
		Debug|Any CPU = Debug|Any CPU
		Release|Any CPU = Release|Any CPU
	EndGlobalSection
	GlobalSection(SolutionProperties) = preSolution
		HideSolutionNode = FALSE
	EndGlobalSection
	GlobalSection(ProjectConfigurationPlatforms) = postSolution
		{F02F8865-D3C8-49B6-91D2-9964CB3CC611}.Debug|Any CPU.ActiveCfg = Debug|Any CPU
		{F02F8865-D3C8-49B6-91D2-9964CB3CC611}.Debug|Any CPU.Build.0 = Debug|Any CPU
		{F02F8865-D3C8-49B6-91D2-9964CB3CC611}.Release|Any CPU.ActiveCfg = Release|Any CPU
		{F02F8865-D3C8-49B6-91D2-9964CB3CC611}.Release|Any CPU.Build.0 = Release|Any CPU
		{5592F129-5C9B-44E5-884C-9D73E1FDD608}.Debug|Any CPU.ActiveCfg = Debug|Any CPU
		{5592F129-5C9B-44E5-884C-9D73E1FDD608}.Debug|Any CPU.Build.0 = Debug|Any CPU
		{5592F129-5C9B-44E5-884C-9D73E1FDD608}.Release|Any CPU.ActiveCfg = Release|Any CPU
		{5592F129-5C9B-44E5-884C-9D73E1FDD608}.Release|Any CPU.Build.0 = Release|Any CPU
		{CE0757E1-C810-4F7D-A8A0-B85425FB758F}.Debug|Any CPU.ActiveCfg = Debug|Any CPU
		{CE0757E1-C810-4F7D-A8A0-B85425FB758F}.Debug|Any CPU.Build.0 = Debug|Any CPU
		{CE0757E1-C810-4F7D-A8A0-B85425FB758F}.Release|Any CPU.ActiveCfg = Release|Any CPU
		{CE0757E1-C810-4F7D-A8A0-B85425FB758F}.Release|Any CPU.Build.0 = Release|Any CPU
		{15580D2D-86DE-4AB6-8F65-AE4E841589CB}.Debug|Any CPU.ActiveCfg = Debug|Any CPU
		{15580D2D-86DE-4AB6-8F65-AE4E841589CB}.Debug|Any CPU.Build.0 = Debug|Any CPU
		{15580D2D-86DE-4AB6-8F65-AE4E841589CB}.Release|Any CPU.ActiveCfg = Release|Any CPU
		{15580D2D-86DE-4AB6-8F65-AE4E841589CB}.Release|Any CPU.Build.0 = Release|Any CPU
		{D4708326-1F8C-467B-B5AB-780D27A717CD}.Debug|Any CPU.ActiveCfg = Debug|Any CPU
		{D4708326-1F8C-467B-B5AB-780D27A717CD}.Debug|Any CPU.Build.0 = Debug|Any CPU
		{D4708326-1F8C-467B-B5AB-780D27A717CD}.Release|Any CPU.ActiveCfg = Release|Any CPU
		{D4708326-1F8C-467B-B5AB-780D27A717CD}.Release|Any CPU.Build.0 = Release|Any CPU
		{5E914625-7528-446E-B949-8D92F5156048}.Debug|Any CPU.ActiveCfg = Debug|Any CPU
		{5E914625-7528-446E-B949-8D92F5156048}.Debug|Any CPU.Build.0 = Debug|Any CPU
		{5E914625-7528-446E-B949-8D92F5156048}.Release|Any CPU.ActiveCfg = Release|Any CPU
		{5E914625-7528-446E-B949-8D92F5156048}.Release|Any CPU.Build.0 = Release|Any CPU
		{800345AD-9D0F-4A11-8054-B1B077FC31C0}.Debug|Any CPU.ActiveCfg = Debug|Any CPU
		{800345AD-9D0F-4A11-8054-B1B077FC31C0}.Debug|Any CPU.Build.0 = Debug|Any CPU
		{800345AD-9D0F-4A11-8054-B1B077FC31C0}.Release|Any CPU.ActiveCfg = Release|Any CPU
		{800345AD-9D0F-4A11-8054-B1B077FC31C0}.Release|Any CPU.Build.0 = Release|Any CPU
	EndGlobalSection
	GlobalSection(NestedProjects) = preSolution
		{5592F129-5C9B-44E5-884C-9D73E1FDD608} = {E802CBA0-B1F5-4FDE-AC8B-6B6AAE1C4F1B}
		{CE0757E1-C810-4F7D-A8A0-B85425FB758F} = {E802CBA0-B1F5-4FDE-AC8B-6B6AAE1C4F1B}
		{0200C537-0E77-4BC5-803A-366DA0F9513A} = {0DC223B5-7116-40A0-BE29-FD65590EE1D5}
		{15580D2D-86DE-4AB6-8F65-AE4E841589CB} = {0200C537-0E77-4BC5-803A-366DA0F9513A}
		{D4708326-1F8C-467B-B5AB-780D27A717CD} = {0200C537-0E77-4BC5-803A-366DA0F9513A}
		{5E914625-7528-446E-B949-8D92F5156048} = {0200C537-0E77-4BC5-803A-366DA0F9513A}
		{EB92E32C-E426-43D9-8177-578907B1DA58} = {0DC223B5-7116-40A0-BE29-FD65590EE1D5}
		{800345AD-9D0F-4A11-8054-B1B077FC31C0} = {EB92E32C-E426-43D9-8177-578907B1DA58}
	EndGlobalSection
EndGlobal
